{
  "name": "braze-iam-coep-reproducer",
  "version": "1.0.0",
  "lockfileVersion": 3,
  "requires": true,
  "packages": {
    "": {
      "name": "braze-iam-coep-reproducer",
      "version": "1.0.0",
      "dependencies": {
        "@braze/web-sdk": "6.3.0"
      }
    },
    "node_modules/@braze/web-sdk": {
      "version": "6.3.0",
      "resolved": "https://registry.npmjs.org/@braze/web-sdk/-/web-sdk-6.3.0.tgz",
      "integrity": "sha512-d/CE8xru2BWFlKA2U2rWBy77QWAIiSWeBuIGHjJRNDHf6jrclpeA2Bv42ltPaADzadl5nv1BzMeXJrexvWLkgg==",
      "license": "SEE LICENSE IN https://github.com/braze-inc/braze-web-sdk/blob/master/LICENSE"
    }
  }
}
